// !$*UTF8*$!
{
	archiveVersion = 1;
	classes = {
	};
	objectVersion = 46;
	objects = {

/* Begin PBXBuildFile section */
		52290A5217AA87F400634082 /* libEJDBKit.a in Frameworks */ = {isa = PBXBuildFile; fileRef = 52290A4D17AA87E200634082 /* libEJDBKit.a */; };
		5278403E17A85D7F005A9EE1 /* UIKit.framework in Frameworks */ = {isa = PBXBuildFile; fileRef = 5278403D17A85D7F005A9EE1 /* UIKit.framework */; };
		5278404017A85D7F005A9EE1 /* Foundation.framework in Frameworks */ = {isa = PBXBuildFile; fileRef = 5278403F17A85D7F005A9EE1 /* Foundation.framework */; };
		5278404217A85D7F005A9EE1 /* CoreGraphics.framework in Frameworks */ = {isa = PBXBuildFile; fileRef = 5278404117A85D7F005A9EE1 /* CoreGraphics.framework */; };
		5278404817A85D7F005A9EE1 /* InfoPlist.strings in Resources */ = {isa = PBXBuildFile; fileRef = 5278404617A85D7F005A9EE1 /* InfoPlist.strings */; };
		5278404A17A85D7F005A9EE1 /* main.m in Sources */ = {isa = PBXBuildFile; fileRef = 5278404917A85D7F005A9EE1 /* main.m */; };
		5278404E17A85D7F005A9EE1 /* AppDelegate.m in Sources */ = {isa = PBXBuildFile; fileRef = 5278404D17A85D7F005A9EE1 /* AppDelegate.m */; };
		5278405017A85D7F005A9EE1 /* Default.png in Resources */ = {isa = PBXBuildFile; fileRef = 5278404F17A85D7F005A9EE1 /* Default.png */; };
		5278405217A85D7F005A9EE1 /* Default@2x.png in Resources */ = {isa = PBXBuildFile; fileRef = 5278405117A85D7F005A9EE1 /* Default@2x.png */; };
		5278405417A85D7F005A9EE1 /* Default-568h@2x.png in Resources */ = {isa = PBXBuildFile; fileRef = 5278405317A85D7F005A9EE1 /* Default-568h@2x.png */; };
		5278405717A85D7F005A9EE1 /* MainStoryboard.storyboard in Resources */ = {isa = PBXBuildFile; fileRef = 5278405517A85D7F005A9EE1 /* MainStoryboard.storyboard */; };
		5278406217A85D7F005A9EE1 /* SenTestingKit.framework in Frameworks */ = {isa = PBXBuildFile; fileRef = 5278406117A85D7F005A9EE1 /* SenTestingKit.framework */; };
		5278406317A85D7F005A9EE1 /* UIKit.framework in Frameworks */ = {isa = PBXBuildFile; fileRef = 5278403D17A85D7F005A9EE1 /* UIKit.framework */; };
		5278406417A85D7F005A9EE1 /* Foundation.framework in Frameworks */ = {isa = PBXBuildFile; fileRef = 5278403F17A85D7F005A9EE1 /* Foundation.framework */; };
		5278406C17A85D7F005A9EE1 /* InfoPlist.strings in Resources */ = {isa = PBXBuildFile; fileRef = 5278406A17A85D7F005A9EE1 /* InfoPlist.strings */; };
		5278406F17A85D7F005A9EE1 /* IOSDemoTests.m in Sources */ = {isa = PBXBuildFile; fileRef = 5278406E17A85D7F005A9EE1 /* IOSDemoTests.m */; };
		527840A217A85F79005A9EE1 /* libz.dylib in Frameworks */ = {isa = PBXBuildFile; fileRef = 527840A117A85F79005A9EE1 /* libz.dylib */; };
		527840A517A867D9005A9EE1 /* MainViewController.m in Sources */ = {isa = PBXBuildFile; fileRef = 527840A417A867D9005A9EE1 /* MainViewController.m */; };
		527840A617A867D9005A9EE1 /* MainViewController.m in Sources */ = {isa = PBXBuildFile; fileRef = 527840A417A867D9005A9EE1 /* MainViewController.m */; };
		527840A917A86897005A9EE1 /* CrudViewController.m in Sources */ = {isa = PBXBuildFile; fileRef = 527840A817A86897005A9EE1 /* CrudViewController.m */; };
		527840AA17A86897005A9EE1 /* CrudViewController.m in Sources */ = {isa = PBXBuildFile; fileRef = 527840A817A86897005A9EE1 /* CrudViewController.m */; };
		527840AD17A874F9005A9EE1 /* CrudObjectViewController.m in Sources */ = {isa = PBXBuildFile; fileRef = 527840AC17A874F9005A9EE1 /* CrudObjectViewController.m */; };
		527840AE17A874F9005A9EE1 /* CrudObjectViewController.m in Sources */ = {isa = PBXBuildFile; fileRef = 527840AC17A874F9005A9EE1 /* CrudObjectViewController.m */; };
		527840B117A876BF005A9EE1 /* CrudObject.m in Sources */ = {isa = PBXBuildFile; fileRef = 527840B017A876BF005A9EE1 /* CrudObject.m */; };
		527840B217A876BF005A9EE1 /* CrudObject.m in Sources */ = {isa = PBXBuildFile; fileRef = 527840B017A876BF005A9EE1 /* CrudObject.m */; };
		527840B517A91920005A9EE1 /* CrudObjectScoresViewController.m in Sources */ = {isa = PBXBuildFile; fileRef = 527840B417A91920005A9EE1 /* CrudObjectScoresViewController.m */; };
		527840B617A91920005A9EE1 /* CrudObjectScoresViewController.m in Sources */ = {isa = PBXBuildFile; fileRef = 527840B417A91920005A9EE1 /* CrudObjectScoresViewController.m */; };
/* End PBXBuildFile section */

/* Begin PBXContainerItemProxy section */
		52290A4C17AA87E200634082 /* PBXContainerItemProxy */ = {
			isa = PBXContainerItemProxy;
			containerPortal = 52290A4717AA87E200634082 /* EJDBKit.xcodeproj */;
			proxyType = 2;
			remoteGlobalIDString = 52EC76D0179F31B000EEC86D;
			remoteInfo = EJDBKit;
		};
		52290A4E17AA87E200634082 /* PBXContainerItemProxy */ = {
			isa = PBXContainerItemProxy;
			containerPortal = 52290A4717AA87E200634082 /* EJDBKit.xcodeproj */;
			proxyType = 2;
			remoteGlobalIDString = 52EC76E1179F31B000EEC86D;
			remoteInfo = EJDBKitTests;
		};
		52290A5017AA87ED00634082 /* PBXContainerItemProxy */ = {
			isa = PBXContainerItemProxy;
			containerPortal = 52290A4717AA87E200634082 /* EJDBKit.xcodeproj */;
			proxyType = 1;
			remoteGlobalIDString = 52EC76CF179F31B000EEC86D;
			remoteInfo = EJDBKit;
		};
		5278406517A85D7F005A9EE1 /* PBXContainerItemProxy */ = {
			isa = PBXContainerItemProxy;
			containerPortal = 5278403217A85D7F005A9EE1 /* Project object */;
			proxyType = 1;
			remoteGlobalIDString = 5278403917A85D7F005A9EE1;
			remoteInfo = IOSDemo;
		};
/* End PBXContainerItemProxy section */

/* Begin PBXFileReference section */
		52290A4717AA87E200634082 /* EJDBKit.xcodeproj */ = {isa = PBXFileReference; lastKnownFileType = "wrapper.pb-project"; name = EJDBKit.xcodeproj; path = ../../EJDBKit/EJDBKit.xcodeproj; sourceTree = "<group>"; };
		5278403A17A85D7F005A9EE1 /* IOSDemo.app */ = {isa = PBXFileReference; explicitFileType = wrapper.application; includeInIndex = 0; path = IOSDemo.app; sourceTree = BUILT_PRODUCTS_DIR; };
		5278403D17A85D7F005A9EE1 /* UIKit.framework */ = {isa = PBXFileReference; lastKnownFileType = wrapper.framework; name = UIKit.framework; path = System/Library/Frameworks/UIKit.framework; sourceTree = SDKROOT; };
		5278403F17A85D7F005A9EE1 /* Foundation.framework */ = {isa = PBXFileReference; lastKnownFileType = wrapper.framework; name = Foundation.framework; path = System/Library/Frameworks/Foundation.framework; sourceTree = SDKROOT; };
		5278404117A85D7F005A9EE1 /* CoreGraphics.framework */ = {isa = PBXFileReference; lastKnownFileType = wrapper.framework; name = CoreGraphics.framework; path = System/Library/Frameworks/CoreGraphics.framework; sourceTree = SDKROOT; };
		5278404517A85D7F005A9EE1 /* IOSDemo-Info.plist */ = {isa = PBXFileReference; lastKnownFileType = text.plist.xml; path = "IOSDemo-Info.plist"; sourceTree = "<group>"; };
		5278404717A85D7F005A9EE1 /* en */ = {isa = PBXFileReference; lastKnownFileType = text.plist.strings; name = en; path = en.lproj/InfoPlist.strings; sourceTree = "<group>"; };
		5278404917A85D7F005A9EE1 /* main.m */ = {isa = PBXFileReference; lastKnownFileType = sourcecode.c.objc; path = main.m; sourceTree = "<group>"; };
		5278404B17A85D7F005A9EE1 /* IOSDemo-Prefix.pch */ = {isa = PBXFileReference; lastKnownFileType = sourcecode.c.h; path = "IOSDemo-Prefix.pch"; sourceTree = "<group>"; };
		5278404C17A85D7F005A9EE1 /* AppDelegate.h */ = {isa = PBXFileReference; lastKnownFileType = sourcecode.c.h; path = AppDelegate.h; sourceTree = "<group>"; };
		5278404D17A85D7F005A9EE1 /* AppDelegate.m */ = {isa = PBXFileReference; lastKnownFileType = sourcecode.c.objc; path = AppDelegate.m; sourceTree = "<group>"; };
		5278404F17A85D7F005A9EE1 /* Default.png */ = {isa = PBXFileReference; lastKnownFileType = image.png; path = Default.png; sourceTree = "<group>"; };
		5278405117A85D7F005A9EE1 /* Default@2x.png */ = {isa = PBXFileReference; lastKnownFileType = image.png; path = "Default@2x.png"; sourceTree = "<group>"; };
		5278405317A85D7F005A9EE1 /* Default-568h@2x.png */ = {isa = PBXFileReference; lastKnownFileType = image.png; path = "Default-568h@2x.png"; sourceTree = "<group>"; };
		5278405617A85D7F005A9EE1 /* en */ = {isa = PBXFileReference; lastKnownFileType = file.storyboard; name = en; path = en.lproj/MainStoryboard.storyboard; sourceTree = "<group>"; };
		5278406017A85D7F005A9EE1 /* IOSDemoTests.octest */ = {isa = PBXFileReference; explicitFileType = wrapper.cfbundle; includeInIndex = 0; path = IOSDemoTests.octest; sourceTree = BUILT_PRODUCTS_DIR; };
		5278406117A85D7F005A9EE1 /* SenTestingKit.framework */ = {isa = PBXFileReference; lastKnownFileType = wrapper.framework; name = SenTestingKit.framework; path = Library/Frameworks/SenTestingKit.framework; sourceTree = DEVELOPER_DIR; };
		5278406917A85D7F005A9EE1 /* IOSDemoTests-Info.plist */ = {isa = PBXFileReference; lastKnownFileType = text.plist.xml; path = "IOSDemoTests-Info.plist"; sourceTree = "<group>"; };
		5278406B17A85D7F005A9EE1 /* en */ = {isa = PBXFileReference; lastKnownFileType = text.plist.strings; name = en; path = en.lproj/InfoPlist.strings; sourceTree = "<group>"; };
		5278406D17A85D7F005A9EE1 /* IOSDemoTests.h */ = {isa = PBXFileReference; lastKnownFileType = sourcecode.c.h; path = IOSDemoTests.h; sourceTree = "<group>"; };
		5278406E17A85D7F005A9EE1 /* IOSDemoTests.m */ = {isa = PBXFileReference; lastKnownFileType = sourcecode.c.objc; path = IOSDemoTests.m; sourceTree = "<group>"; };
		527840A117A85F79005A9EE1 /* libz.dylib */ = {isa = PBXFileReference; lastKnownFileType = "compiled.mach-o.dylib"; name = libz.dylib; path = usr/lib/libz.dylib; sourceTree = SDKROOT; };
		527840A317A867D9005A9EE1 /* MainViewController.h */ = {isa = PBXFileReference; fileEncoding = 4; lastKnownFileType = sourcecode.c.h; path = MainViewController.h; sourceTree = "<group>"; };
		527840A417A867D9005A9EE1 /* MainViewController.m */ = {isa = PBXFileReference; fileEncoding = 4; lastKnownFileType = sourcecode.c.objc; path = MainViewController.m; sourceTree = "<group>"; };
		527840A717A86897005A9EE1 /* CrudViewController.h */ = {isa = PBXFileReference; fileEncoding = 4; lastKnownFileType = sourcecode.c.h; path = CrudViewController.h; sourceTree = "<group>"; };
		527840A817A86897005A9EE1 /* CrudViewController.m */ = {isa = PBXFileReference; fileEncoding = 4; lastKnownFileType = sourcecode.c.objc; path = CrudViewController.m; sourceTree = "<group>"; };
		527840AB17A874F9005A9EE1 /* CrudObjectViewController.h */ = {isa = PBXFileReference; fileEncoding = 4; lastKnownFileType = sourcecode.c.h; path = CrudObjectViewController.h; sourceTree = "<group>"; };
		527840AC17A874F9005A9EE1 /* CrudObjectViewController.m */ = {isa = PBXFileReference; fileEncoding = 4; lastKnownFileType = sourcecode.c.objc; path = CrudObjectViewController.m; sourceTree = "<group>"; };
		527840AF17A876BF005A9EE1 /* CrudObject.h */ = {isa = PBXFileReference; fileEncoding = 4; lastKnownFileType = sourcecode.c.h; path = CrudObject.h; sourceTree = "<group>"; };
		527840B017A876BF005A9EE1 /* CrudObject.m */ = {isa = PBXFileReference; fileEncoding = 4; lastKnownFileType = sourcecode.c.objc; path = CrudObject.m; sourceTree = "<group>"; };
		527840B317A91920005A9EE1 /* CrudObjectScoresViewController.h */ = {isa = PBXFileReference; fileEncoding = 4; lastKnownFileType = sourcecode.c.h; path = CrudObjectScoresViewController.h; sourceTree = "<group>"; };
		527840B417A91920005A9EE1 /* CrudObjectScoresViewController.m */ = {isa = PBXFileReference; fileEncoding = 4; lastKnownFileType = sourcecode.c.objc; path = CrudObjectScoresViewController.m; sourceTree = "<group>"; };
/* End PBXFileReference section */

/* Begin PBXFrameworksBuildPhase section */
		5278403717A85D7F005A9EE1 /* Frameworks */ = {
			isa = PBXFrameworksBuildPhase;
			buildActionMask = 2147483647;
			files = (
				52290A5217AA87F400634082 /* libEJDBKit.a in Frameworks */,
				527840A217A85F79005A9EE1 /* libz.dylib in Frameworks */,
				5278403E17A85D7F005A9EE1 /* UIKit.framework in Frameworks */,
				5278404017A85D7F005A9EE1 /* Foundation.framework in Frameworks */,
				5278404217A85D7F005A9EE1 /* CoreGraphics.framework in Frameworks */,
			);
			runOnlyForDeploymentPostprocessing = 0;
		};
		5278405C17A85D7F005A9EE1 /* Frameworks */ = {
			isa = PBXFrameworksBuildPhase;
			buildActionMask = 2147483647;
			files = (
				5278406217A85D7F005A9EE1 /* SenTestingKit.framework in Frameworks */,
				5278406317A85D7F005A9EE1 /* UIKit.framework in Frameworks */,
				5278406417A85D7F005A9EE1 /* Foundation.framework in Frameworks */,
			);
			runOnlyForDeploymentPostprocessing = 0;
		};
/* End PBXFrameworksBuildPhase section */

/* Begin PBXGroup section */
		52290A4817AA87E200634082 /* Products */ = {
			isa = PBXGroup;
			children = (
				52290A4D17AA87E200634082 /* libEJDBKit.a */,
				52290A4F17AA87E200634082 /* EJDBKitTests.octest */,
			);
			name = Products;
			sourceTree = "<group>";
		};
		5278403117A85D7F005A9EE1 = {
			isa = PBXGroup;
			children = (
				5278404317A85D7F005A9EE1 /* IOSDemo */,
				5278406717A85D7F005A9EE1 /* IOSDemoTests */,
				5278403C17A85D7F005A9EE1 /* Frameworks */,
				5278403B17A85D7F005A9EE1 /* Products */,
				52290A4717AA87E200634082 /* EJDBKit.xcodeproj */,
			);
			sourceTree = "<group>";
		};
		5278403B17A85D7F005A9EE1 /* Products */ = {
			isa = PBXGroup;
			children = (
				5278403A17A85D7F005A9EE1 /* IOSDemo.app */,
				5278406017A85D7F005A9EE1 /* IOSDemoTests.octest */,
			);
			name = Products;
			sourceTree = "<group>";
		};
		5278403C17A85D7F005A9EE1 /* Frameworks */ = {
			isa = PBXGroup;
			children = (
				527840A117A85F79005A9EE1 /* libz.dylib */,
				5278403D17A85D7F005A9EE1 /* UIKit.framework */,
				5278403F17A85D7F005A9EE1 /* Foundation.framework */,
				5278404117A85D7F005A9EE1 /* CoreGraphics.framework */,
				5278406117A85D7F005A9EE1 /* SenTestingKit.framework */,
			);
			name = Frameworks;
			sourceTree = "<group>";
		};
		5278404317A85D7F005A9EE1 /* IOSDemo */ = {
			isa = PBXGroup;
			children = (
				5278404C17A85D7F005A9EE1 /* AppDelegate.h */,
				5278404D17A85D7F005A9EE1 /* AppDelegate.m */,
				5278405517A85D7F005A9EE1 /* MainStoryboard.storyboard */,
				527840A317A867D9005A9EE1 /* MainViewController.h */,
				527840A417A867D9005A9EE1 /* MainViewController.m */,
				527840A717A86897005A9EE1 /* CrudViewController.h */,
				527840A817A86897005A9EE1 /* CrudViewController.m */,
				527840AB17A874F9005A9EE1 /* CrudObjectViewController.h */,
				527840AC17A874F9005A9EE1 /* CrudObjectViewController.m */,
				527840B317A91920005A9EE1 /* CrudObjectScoresViewController.h */,
				527840B417A91920005A9EE1 /* CrudObjectScoresViewController.m */,
				527840AF17A876BF005A9EE1 /* CrudObject.h */,
				527840B017A876BF005A9EE1 /* CrudObject.m */,
				5278404417A85D7F005A9EE1 /* Supporting Files */,
			);
			path = IOSDemo;
			sourceTree = "<group>";
		};
		5278404417A85D7F005A9EE1 /* Supporting Files */ = {
			isa = PBXGroup;
			children = (
				5278404517A85D7F005A9EE1 /* IOSDemo-Info.plist */,
				5278404617A85D7F005A9EE1 /* InfoPlist.strings */,
				5278404917A85D7F005A9EE1 /* main.m */,
				5278404B17A85D7F005A9EE1 /* IOSDemo-Prefix.pch */,
				5278404F17A85D7F005A9EE1 /* Default.png */,
				5278405117A85D7F005A9EE1 /* Default@2x.png */,
				5278405317A85D7F005A9EE1 /* Default-568h@2x.png */,
			);
			name = "Supporting Files";
			sourceTree = "<group>";
		};
		5278406717A85D7F005A9EE1 /* IOSDemoTests */ = {
			isa = PBXGroup;
			children = (
				5278406D17A85D7F005A9EE1 /* IOSDemoTests.h */,
				5278406E17A85D7F005A9EE1 /* IOSDemoTests.m */,
				5278406817A85D7F005A9EE1 /* Supporting Files */,
			);
			path = IOSDemoTests;
			sourceTree = "<group>";
		};
		5278406817A85D7F005A9EE1 /* Supporting Files */ = {
			isa = PBXGroup;
			children = (
				5278406917A85D7F005A9EE1 /* IOSDemoTests-Info.plist */,
				5278406A17A85D7F005A9EE1 /* InfoPlist.strings */,
			);
			name = "Supporting Files";
			sourceTree = "<group>";
		};
/* End PBXGroup section */

/* Begin PBXNativeTarget section */
		5278403917A85D7F005A9EE1 /* IOSDemo */ = {
			isa = PBXNativeTarget;
			buildConfigurationList = 5278407217A85D7F005A9EE1 /* Build configuration list for PBXNativeTarget "IOSDemo" */;
			buildPhases = (
				5278403617A85D7F005A9EE1 /* Sources */,
				5278403717A85D7F005A9EE1 /* Frameworks */,
				5278403817A85D7F005A9EE1 /* Resources */,
			);
			buildRules = (
			);
			dependencies = (
				52290A5117AA87ED00634082 /* PBXTargetDependency */,
			);
			name = IOSDemo;
			productName = IOSDemo;
			productReference = 5278403A17A85D7F005A9EE1 /* IOSDemo.app */;
			productType = "com.apple.product-type.application";
		};
		5278405F17A85D7F005A9EE1 /* IOSDemoTests */ = {
			isa = PBXNativeTarget;
			buildConfigurationList = 5278407517A85D7F005A9EE1 /* Build configuration list for PBXNativeTarget "IOSDemoTests" */;
			buildPhases = (
				5278405B17A85D7F005A9EE1 /* Sources */,
				5278405C17A85D7F005A9EE1 /* Frameworks */,
				5278405D17A85D7F005A9EE1 /* Resources */,
				5278405E17A85D7F005A9EE1 /* ShellScript */,
			);
			buildRules = (
			);
			dependencies = (
				5278406617A85D7F005A9EE1 /* PBXTargetDependency */,
			);
			name = IOSDemoTests;
			productName = IOSDemoTests;
			productReference = 5278406017A85D7F005A9EE1 /* IOSDemoTests.octest */;
			productType = "com.apple.product-type.bundle";
		};
/* End PBXNativeTarget section */

/* Begin PBXProject section */
		5278403217A85D7F005A9EE1 /* Project object */ = {
			isa = PBXProject;
			attributes = {
				LastUpgradeCheck = 0460;
				ORGANIZATIONNAME = john;
			};
			buildConfigurationList = 5278403517A85D7F005A9EE1 /* Build configuration list for PBXProject "IOSDemo" */;
			compatibilityVersion = "Xcode 3.2";
			developmentRegion = English;
			hasScannedForEncodings = 0;
			knownRegions = (
				en,
			);
			mainGroup = 5278403117A85D7F005A9EE1;
			productRefGroup = 5278403B17A85D7F005A9EE1 /* Products */;
			projectDirPath = "";
			projectReferences = (
				{
					ProductGroup = 52290A4817AA87E200634082 /* Products */;
					ProjectRef = 52290A4717AA87E200634082 /* EJDBKit.xcodeproj */;
				},
			);
			projectRoot = "";
			targets = (
				5278403917A85D7F005A9EE1 /* IOSDemo */,
				5278405F17A85D7F005A9EE1 /* IOSDemoTests */,
			);
		};
/* End PBXProject section */

/* Begin PBXReferenceProxy section */
		52290A4D17AA87E200634082 /* libEJDBKit.a */ = {
			isa = PBXReferenceProxy;
			fileType = archive.ar;
			path = libEJDBKit.a;
			remoteRef = 52290A4C17AA87E200634082 /* PBXContainerItemProxy */;
			sourceTree = BUILT_PRODUCTS_DIR;
		};
		52290A4F17AA87E200634082 /* EJDBKitTests.octest */ = {
			isa = PBXReferenceProxy;
			fileType = wrapper.cfbundle;
			path = EJDBKitTests.octest;
			remoteRef = 52290A4E17AA87E200634082 /* PBXContainerItemProxy */;
			sourceTree = BUILT_PRODUCTS_DIR;
		};
/* End PBXReferenceProxy section */

/* Begin PBXResourcesBuildPhase section */
		5278403817A85D7F005A9EE1 /* Resources */ = {
			isa = PBXResourcesBuildPhase;
			buildActionMask = 2147483647;
			files = (
				5278404817A85D7F005A9EE1 /* InfoPlist.strings in Resources */,
				5278405017A85D7F005A9EE1 /* Default.png in Resources */,
				5278405217A85D7F005A9EE1 /* Default@2x.png in Resources */,
				5278405417A85D7F005A9EE1 /* Default-568h@2x.png in Resources */,
				5278405717A85D7F005A9EE1 /* MainStoryboard.storyboard in Resources */,
			);
			runOnlyForDeploymentPostprocessing = 0;
		};
		5278405D17A85D7F005A9EE1 /* Resources */ = {
			isa = PBXResourcesBuildPhase;
			buildActionMask = 2147483647;
			files = (
				5278406C17A85D7F005A9EE1 /* InfoPlist.strings in Resources */,
			);
			runOnlyForDeploymentPostprocessing = 0;
		};
/* End PBXResourcesBuildPhase section */

/* Begin PBXShellScriptBuildPhase section */
		5278405E17A85D7F005A9EE1 /* ShellScript */ = {
			isa = PBXShellScriptBuildPhase;
			buildActionMask = 2147483647;
			files = (
			);
			inputPaths = (
			);
			outputPaths = (
			);
			runOnlyForDeploymentPostprocessing = 0;
			shellPath = /bin/sh;
			shellScript = "# Run the unit tests in this test bundle.\n\"${SYSTEM_DEVELOPER_DIR}/Tools/RunUnitTests\"\n";
		};
/* End PBXShellScriptBuildPhase section */

/* Begin PBXSourcesBuildPhase section */
		5278403617A85D7F005A9EE1 /* Sources */ = {
			isa = PBXSourcesBuildPhase;
			buildActionMask = 2147483647;
			files = (
				5278404A17A85D7F005A9EE1 /* main.m in Sources */,
				5278404E17A85D7F005A9EE1 /* AppDelegate.m in Sources */,
				527840A517A867D9005A9EE1 /* MainViewController.m in Sources */,
				527840A917A86897005A9EE1 /* CrudViewController.m in Sources */,
				527840AD17A874F9005A9EE1 /* CrudObjectViewController.m in Sources */,
				527840B117A876BF005A9EE1 /* CrudObject.m in Sources */,
				527840B517A91920005A9EE1 /* CrudObjectScoresViewController.m in Sources */,
			);
			runOnlyForDeploymentPostprocessing = 0;
		};
		5278405B17A85D7F005A9EE1 /* Sources */ = {
			isa = PBXSourcesBuildPhase;
			buildActionMask = 2147483647;
			files = (
				5278406F17A85D7F005A9EE1 /* IOSDemoTests.m in Sources */,
				527840A617A867D9005A9EE1 /* MainViewController.m in Sources */,
				527840AA17A86897005A9EE1 /* CrudViewController.m in Sources */,
				527840AE17A874F9005A9EE1 /* CrudObjectViewController.m in Sources */,
				527840B217A876BF005A9EE1 /* CrudObject.m in Sources */,
				527840B617A91920005A9EE1 /* CrudObjectScoresViewController.m in Sources */,
			);
			runOnlyForDeploymentPostprocessing = 0;
		};
/* End PBXSourcesBuildPhase section */

/* Begin PBXTargetDependency section */
		52290A5117AA87ED00634082 /* PBXTargetDependency */ = {
			isa = PBXTargetDependency;
			name = EJDBKit;
			targetProxy = 52290A5017AA87ED00634082 /* PBXContainerItemProxy */;
		};
		5278406617A85D7F005A9EE1 /* PBXTargetDependency */ = {
			isa = PBXTargetDependency;
			target = 5278403917A85D7F005A9EE1 /* IOSDemo */;
			targetProxy = 5278406517A85D7F005A9EE1 /* PBXContainerItemProxy */;
		};
/* End PBXTargetDependency section */

/* Begin PBXVariantGroup section */
		5278404617A85D7F005A9EE1 /* InfoPlist.strings */ = {
			isa = PBXVariantGroup;
			children = (
				5278404717A85D7F005A9EE1 /* en */,
			);
			name = InfoPlist.strings;
			sourceTree = "<group>";
		};
		5278405517A85D7F005A9EE1 /* MainStoryboard.storyboard */ = {
			isa = PBXVariantGroup;
			children = (
				5278405617A85D7F005A9EE1 /* en */,
			);
			name = MainStoryboard.storyboard;
			sourceTree = "<group>";
		};
		5278406A17A85D7F005A9EE1 /* InfoPlist.strings */ = {
			isa = PBXVariantGroup;
			children = (
				5278406B17A85D7F005A9EE1 /* en */,
			);
			name = InfoPlist.strings;
			sourceTree = "<group>";
		};
/* End PBXVariantGroup section */

/* Begin XCBuildConfiguration section */
		5278407017A85D7F005A9EE1 /* Debug */ = {
			isa = XCBuildConfiguration;
			buildSettings = {
				ALWAYS_SEARCH_USER_PATHS = NO;
				CLANG_CXX_LANGUAGE_STANDARD = "gnu++0x";
				CLANG_CXX_LIBRARY = "libc++";
				CLANG_ENABLE_OBJC_ARC = YES;
				CLANG_WARN_CONSTANT_CONVERSION = YES;
				CLANG_WARN_EMPTY_BODY = YES;
				CLANG_WARN_ENUM_CONVERSION = YES;
				CLANG_WARN_INT_CONVERSION = YES;
				CLANG_WARN__DUPLICATE_METHOD_MATCH = YES;
				"CODE_SIGN_IDENTITY[sdk=iphoneos*]" = "iPhone Developer";
				COPY_PHASE_STRIP = NO;
				GCC_C_LANGUAGE_STANDARD = gnu99;
				GCC_DYNAMIC_NO_PIC = NO;
				GCC_OPTIMIZATION_LEVEL = 0;
				GCC_PREPROCESSOR_DEFINITIONS = (
					"DEBUG=1",
					"$(inherited)",
				);
				GCC_SYMBOLS_PRIVATE_EXTERN = NO;
				GCC_WARN_ABOUT_RETURN_TYPE = YES;
				GCC_WARN_UNINITIALIZED_AUTOS = YES;
				GCC_WARN_UNUSED_VARIABLE = YES;
				IPHONEOS_DEPLOYMENT_TARGET = 6.1;
				ONLY_ACTIVE_ARCH = YES;
				SDKROOT = iphoneos;
			};
			name = Debug;
		};
		5278407117A85D7F005A9EE1 /* Release */ = {
			isa = XCBuildConfiguration;
			buildSettings = {
				ALWAYS_SEARCH_USER_PATHS = NO;
				CLANG_CXX_LANGUAGE_STANDARD = "gnu++0x";
				CLANG_CXX_LIBRARY = "libc++";
				CLANG_ENABLE_OBJC_ARC = YES;
				CLANG_WARN_CONSTANT_CONVERSION = YES;
				CLANG_WARN_EMPTY_BODY = YES;
				CLANG_WARN_ENUM_CONVERSION = YES;
				CLANG_WARN_INT_CONVERSION = YES;
				CLANG_WARN__DUPLICATE_METHOD_MATCH = YES;
				"CODE_SIGN_IDENTITY[sdk=iphoneos*]" = "iPhone Developer";
				COPY_PHASE_STRIP = YES;
				GCC_C_LANGUAGE_STANDARD = gnu99;
				GCC_WARN_ABOUT_RETURN_TYPE = YES;
				GCC_WARN_UNINITIALIZED_AUTOS = YES;
				GCC_WARN_UNUSED_VARIABLE = YES;
				IPHONEOS_DEPLOYMENT_TARGET = 6.1;
				OTHER_CFLAGS = "-DNS_BLOCK_ASSERTIONS=1";
				SDKROOT = iphoneos;
				VALIDATE_PRODUCT = YES;
			};
			name = Release;
		};
		5278407317A85D7F005A9EE1 /* Debug */ = {
			isa = XCBuildConfiguration;
			buildSettings = {
				GCC_PRECOMPILE_PREFIX_HEADER = YES;
				GCC_PREFIX_HEADER = "IOSDemo/IOSDemo-Prefix.pch";
				INFOPLIST_FILE = "IOSDemo/IOSDemo-Info.plist";
				LIBRARY_SEARCH_PATHS = (
					"$(inherited)",
					"\"$(SRCROOT)\"",
				);
				PRODUCT_NAME = "$(TARGET_NAME)";
				WRAPPER_EXTENSION = app;
			};
			name = Debug;
		};
		5278407417A85D7F005A9EE1 /* Release */ = {
			isa = XCBuildConfiguration;
			buildSettings = {
				GCC_PRECOMPILE_PREFIX_HEADER = YES;
				GCC_PREFIX_HEADER = "IOSDemo/IOSDemo-Prefix.pch";
				INFOPLIST_FILE = "IOSDemo/IOSDemo-Info.plist";
				LIBRARY_SEARCH_PATHS = (
					"$(inherited)",
					"\"$(SRCROOT)\"",
				);
				PRODUCT_NAME = "$(TARGET_NAME)";
				WRAPPER_EXTENSION = app;
			};
			name = Release;
		};
		5278407617A85D7F005A9EE1 /* Debug */ = {
			isa = XCBuildConfiguration;
			buildSettings = {
				BUNDLE_LOADER = "$(BUILT_PRODUCTS_DIR)/IOSDemo.app/IOSDemo";
				FRAMEWORK_SEARCH_PATHS = (
					"\"$(SDKROOT)/Developer/Library/Frameworks\"",
					"\"$(DEVELOPER_LIBRARY_DIR)/Frameworks\"",
				);
				GCC_PRECOMPILE_PREFIX_HEADER = YES;
				GCC_PREFIX_HEADER = "IOSDemo/IOSDemo-Prefix.pch";
				INFOPLIST_FILE = "IOSDemoTests/IOSDemoTests-Info.plist";
				LIBRARY_SEARCH_PATHS = (
					"$(inherited)",
					"\"$(SRCROOT)\"",
				);
				PRODUCT_NAME = "$(TARGET_NAME)";
				TEST_HOST = "$(BUNDLE_LOADER)";
				WRAPPER_EXTENSION = octest;
			};
			name = Debug;
		};
		5278407717A85D7F005A9EE1 /* Release */ = {
			isa = XCBuildConfiguration;
			buildSettings = {
				BUNDLE_LOADER = "$(BUILT_PRODUCTS_DIR)/IOSDemo.app/IOSDemo";
				FRAMEWORK_SEARCH_PATHS = (
					"\"$(SDKROOT)/Developer/Library/Frameworks\"",
					"\"$(DEVELOPER_LIBRARY_DIR)/Frameworks\"",
				);
				GCC_PRECOMPILE_PREFIX_HEADER = YES;
				GCC_PREFIX_HEADER = "IOSDemo/IOSDemo-Prefix.pch";
				INFOPLIST_FILE = "IOSDemoTests/IOSDemoTests-Info.plist";
				LIBRARY_SEARCH_PATHS = (
					"$(inherited)",
					"\"$(SRCROOT)\"",
				);
				PRODUCT_NAME = "$(TARGET_NAME)";
				TEST_HOST = "$(BUNDLE_LOADER)";
				WRAPPER_EXTENSION = octest;
			};
			name = Release;
		};
/* End XCBuildConfiguration section */

/* Begin XCConfigurationList section */
		5278403517A85D7F005A9EE1 /* Build configuration list for PBXProject "IOSDemo" */ = {
			isa = XCConfigurationList;
			buildConfigurations = (
				5278407017A85D7F005A9EE1 /* Debug */,
				5278407117A85D7F005A9EE1 /* Release */,
			);
			defaultConfigurationIsVisible = 0;
			defaultConfigurationName = Release;
		};
		5278407217A85D7F005A9EE1 /* Build configuration list for PBXNativeTarget "IOSDemo" */ = {
			isa = XCConfigurationList;
			buildConfigurations = (
				5278407317A85D7F005A9EE1 /* Debug */,
				5278407417A85D7F005A9EE1 /* Release */,
			);
			defaultConfigurationIsVisible = 0;
			defaultConfigurationName = Release;
		};
		5278407517A85D7F005A9EE1 /* Build configuration list for PBXNativeTarget "IOSDemoTests" */ = {
			isa = XCConfigurationList;
			buildConfigurations = (
				5278407617A85D7F005A9EE1 /* Debug */,
				5278407717A85D7F005A9EE1 /* Release */,
			);
			defaultConfigurationIsVisible = 0;
			defaultConfigurationName = Release;
		};
/* End XCConfigurationList section */
	};
	rootObject = 5278403217A85D7F005A9EE1 /* Project object */;
}
