// !$*UTF8*$!
{
	archiveVersion = 1;
	classes = {
	};
	objectVersion = 46;
	objects = {

/* Begin PBXAggregateTarget section */
		526FE3C818A67F7300598289 /* UniversalLib */ = {
			isa = PBXAggregateTarget;
			buildConfigurationList = 526FE3CB18A67F7300598289 /* Build configuration list for PBXAggregateTarget "UniversalLib" */;
			buildPhases = (
				526FE3CC18A67FA000598289 /* ShellScript */,
			);
			dependencies = (
			);
			name = UniversalLib;
			productName = UniversalLib;
		};
/* End PBXAggregateTarget section */

/* Begin PBXBuildFile section */
		5213BBFE179F4DBA00E34A62 /* libz.dylib in Frameworks */ = {isa = PBXBuildFile; fileRef = 5213BBFD179F4DBA00E34A62 /* libz.dylib */; };
		5213E2E217A4635C00E47033 /* libtcejdb.a in Frameworks */ = {isa = PBXBuildFile; fileRef = 5213E2E117A4635C00E47033 /* libtcejdb.a */; };
		5213E2E417A4637400E47033 /* libtcejdb.a in CopyFiles */ = {isa = PBXBuildFile; fileRef = 5213E2E117A4635C00E47033 /* libtcejdb.a */; };
		521BBB6217CF533500920BE4 /* import in Resources */ = {isa = PBXBuildFile; fileRef = 521BBB6117CF533500920BE4 /* import */; };
		522531B018A8D34D00D9A37A /* libz.dylib in Frameworks */ = {isa = PBXBuildFile; fileRef = 5213BBFD179F4DBA00E34A62 /* libz.dylib */; };
		522909DA17AA745800634082 /* EJDBKit.h in CopyFiles */ = {isa = PBXBuildFile; fileRef = 5237E9A117A520D70014A63A /* EJDBKit.h */; };
		522909DC17AA770900634082 /* tcejdb in CopyFiles */ = {isa = PBXBuildFile; fileRef = 522909DB17AA770900634082 /* tcejdb */; };
		522909DD17AA778100634082 /* EJDBDatabase.h in CopyFiles */ = {isa = PBXBuildFile; fileRef = 5237E99F17A520D70014A63A /* EJDBDatabase.h */; };
		522909DE17AA778100634082 /* EJDBCollection.h in CopyFiles */ = {isa = PBXBuildFile; fileRef = 5237E99D17A520D70014A63A /* EJDBCollection.h */; };
		522909DF17AA778100634082 /* EJDBQuery.h in CopyFiles */ = {isa = PBXBuildFile; fileRef = 5237E9A217A520D70014A63A /* EJDBQuery.h */; };
		522909E017AA778100634082 /* BSONArchiving.h in CopyFiles */ = {isa = PBXBuildFile; fileRef = 5237E9FF17A533130014A63A /* BSONArchiving.h */; };
		5237E9A417A520D70014A63A /* BSONDecoder.m in Sources */ = {isa = PBXBuildFile; fileRef = 5237E99A17A520D70014A63A /* BSONDecoder.m */; };
		5237E9A617A520D70014A63A /* BSONEncoder.m in Sources */ = {isa = PBXBuildFile; fileRef = 5237E99C17A520D70014A63A /* BSONEncoder.m */; };
		5237E9A817A520D70014A63A /* EJDBCollection.m in Sources */ = {isa = PBXBuildFile; fileRef = 5237E99E17A520D70014A63A /* EJDBCollection.m */; };
		5237E9AA17A520D70014A63A /* EJDBDatabase.m in Sources */ = {isa = PBXBuildFile; fileRef = 5237E9A017A520D70014A63A /* EJDBDatabase.m */; };
		5237E9AC17A520D70014A63A /* EJDBQuery.m in Sources */ = {isa = PBXBuildFile; fileRef = 5237E9A317A520D70014A63A /* EJDBQuery.m */; };
		52527A7B17ACF0AC00BE2B2C /* EJDBTestFixtures.m in Sources */ = {isa = PBXBuildFile; fileRef = 52527A7A17ACF0AC00BE2B2C /* EJDBTestFixtures.m */; };
		52610AB218A017BE00497982 /* EJDBModelFixtures.m in Sources */ = {isa = PBXBuildFile; fileRef = 52610AB118A017BE00497982 /* EJDBModelFixtures.m */; };
		5267ADCF17A64B0C00F22C6E /* EJDBCollectionTests.m in Sources */ = {isa = PBXBuildFile; fileRef = 5267ADCE17A64B0C00F22C6E /* EJDBCollectionTests.m */; };
		527BC0481881F708009115F8 /* EJDBQueryBuilderDelegate.h in CopyFiles */ = {isa = PBXBuildFile; fileRef = 527BC0471881F6CC009115F8 /* EJDBQueryBuilderDelegate.h */; };
		528F17BD17C738C8006BE069 /* EJDBFIQueryBuilder.m in Sources */ = {isa = PBXBuildFile; fileRef = 528F17BC17C738C8006BE069 /* EJDBFIQueryBuilder.m */; };
		528F17BE17C73902006BE069 /* EJDBFIQueryBuilder.h in CopyFiles */ = {isa = PBXBuildFile; fileRef = 528F17BB17C738C8006BE069 /* EJDBFIQueryBuilder.h */; };
		528F17C117C73AB0006BE069 /* EJDBFIQueryBuilderTests.m in Sources */ = {isa = PBXBuildFile; fileRef = 528F17C017C73AB0006BE069 /* EJDBFIQueryBuilderTests.m */; };
		528F17C417C78FF5006BE069 /* EJDBQueryOrderByHint.m in Sources */ = {isa = PBXBuildFile; fileRef = 528F17C317C78FF5006BE069 /* EJDBQueryOrderByHint.m */; };
		528F17C517C7906B006BE069 /* EJDBQueryOrderByHint.h in CopyFiles */ = {isa = PBXBuildFile; fileRef = 528F17C217C78FF5006BE069 /* EJDBQueryOrderByHint.h */; };
		528F17C817C794C1006BE069 /* EJDBQueryBuilder.m in Sources */ = {isa = PBXBuildFile; fileRef = 528F17C717C794C1006BE069 /* EJDBQueryBuilder.m */; };
		528F17CB17C7A48D006BE069 /* EJDBQueryBuilderTests.m in Sources */ = {isa = PBXBuildFile; fileRef = 528F17CA17C7A48D006BE069 /* EJDBQueryBuilderTests.m */; };
		528F17CC17C7A76D006BE069 /* EJDBQueryBuilder.h in CopyFiles */ = {isa = PBXBuildFile; fileRef = 528F17C617C794C1006BE069 /* EJDBQueryBuilder.h */; };
		5294231317A274C4007FFD63 /* EJDBDatabaseTests.m in Sources */ = {isa = PBXBuildFile; fileRef = 5294231217A274C4007FFD63 /* EJDBDatabaseTests.m */; };
		529ABD6F18A5549A0011EFA4 /* EJDBModel.h in CopyFiles */ = {isa = PBXBuildFile; fileRef = 52B1397B189190C200E7F85D /* EJDBModel.h */; };
		52A2365818A4FD4D0021D6A5 /* EJDBQueryFixtures.m in Sources */ = {isa = PBXBuildFile; fileRef = 52A2365718A4FD4D0021D6A5 /* EJDBQueryFixtures.m */; };
		52B1397D189190C200E7F85D /* EJDBModel.m in Sources */ = {isa = PBXBuildFile; fileRef = 52B1397C189190C200E7F85D /* EJDBModel.m */; };
		52B1397F189190D500E7F85D /* EJDBModelTests.m in Sources */ = {isa = PBXBuildFile; fileRef = 52B1397E189190D500E7F85D /* EJDBModelTests.m */; };
		52D916B817A3AB7900B0060D /* BSONEncoderDecoderTests.m in Sources */ = {isa = PBXBuildFile; fileRef = 52D916B717A3AB7900B0060D /* BSONEncoderDecoderTests.m */; };
		52D916BB17A3FDBB00B0060D /* EJDBDatabase+DBTestExtensions.m in Sources */ = {isa = PBXBuildFile; fileRef = 52D916BA17A3FDBB00B0060D /* EJDBDatabase+DBTestExtensions.m */; };
		52D916BD17A414DE00B0060D /* ejdblogo3.png in Resources */ = {isa = PBXBuildFile; fileRef = 52D916BC17A414DE00B0060D /* ejdblogo3.png */; };
		52E68E1017B0DAEE00047614 /* EJDBQueryTests.m in Sources */ = {isa = PBXBuildFile; fileRef = 52E68E0F17B0DAEE00047614 /* EJDBQueryTests.m */; };
		52EC76D4179F31B000EEC86D /* Foundation.framework in Frameworks */ = {isa = PBXBuildFile; fileRef = 52EC76D3179F31B000EEC86D /* Foundation.framework */; };
		52EC76E5179F31B000EEC86D /* UIKit.framework in Frameworks */ = {isa = PBXBuildFile; fileRef = 52EC76E4179F31B000EEC86D /* UIKit.framework */; };
		52EC76E6179F31B000EEC86D /* Foundation.framework in Frameworks */ = {isa = PBXBuildFile; fileRef = 52EC76D3179F31B000EEC86D /* Foundation.framework */; };
		52EC76E9179F31B000EEC86D /* libEJDBKit.a in Frameworks */ = {isa = PBXBuildFile; fileRef = 52EC76D0179F31B000EEC86D /* libEJDBKit.a */; };
		52EC76EF179F31B000EEC86D /* InfoPlist.strings in Resources */ = {isa = PBXBuildFile; fileRef = 52EC76ED179F31B000EEC86D /* InfoPlist.strings */; };
/* End PBXBuildFile section */

/* Begin PBXContainerItemProxy section */
		52EC76E7179F31B000EEC86D /* PBXContainerItemProxy */ = {
			isa = PBXContainerItemProxy;
			containerPortal = 52EC76C8179F31B000EEC86D /* Project object */;
			proxyType = 1;
			remoteGlobalIDString = 52EC76CF179F31B000EEC86D;
			remoteInfo = EJDBKit;
		};
/* End PBXContainerItemProxy section */

/* Begin PBXCopyFilesBuildPhase section */
		52EC76CE179F31B000EEC86D /* CopyFiles */ = {
			isa = PBXCopyFilesBuildPhase;
			buildActionMask = 12;
			dstPath = "include/${PRODUCT_NAME}";
			dstSubfolderSpec = 16;
			files = (
				529ABD6F18A5549A0011EFA4 /* EJDBModel.h in CopyFiles */,
				527BC0481881F708009115F8 /* EJDBQueryBuilderDelegate.h in CopyFiles */,
				528F17CC17C7A76D006BE069 /* EJDBQueryBuilder.h in CopyFiles */,
				528F17C517C7906B006BE069 /* EJDBQueryOrderByHint.h in CopyFiles */,
				528F17BE17C73902006BE069 /* EJDBFIQueryBuilder.h in CopyFiles */,
				522909DD17AA778100634082 /* EJDBDatabase.h in CopyFiles */,
				522909DE17AA778100634082 /* EJDBCollection.h in CopyFiles */,
				522909DF17AA778100634082 /* EJDBQuery.h in CopyFiles */,
				522909E017AA778100634082 /* BSONArchiving.h in CopyFiles */,
				522909DC17AA770900634082 /* tcejdb in CopyFiles */,
				522909DA17AA745800634082 /* EJDBKit.h in CopyFiles */,
				5213E2E417A4637400E47033 /* libtcejdb.a in CopyFiles */,
			);
			runOnlyForDeploymentPostprocessing = 0;
		};
/* End PBXCopyFilesBuildPhase section */

/* Begin PBXFileReference section */
		5213BBFD179F4DBA00E34A62 /* libz.dylib */ = {isa = PBXFileReference; lastKnownFileType = "compiled.mach-o.dylib"; name = libz.dylib; path = usr/lib/libz.dylib; sourceTree = SDKROOT; };
		5213E2E117A4635C00E47033 /* libtcejdb.a */ = {isa = PBXFileReference; lastKnownFileType = archive.ar; name = libtcejdb.a; path = ejdb/lib/libtcejdb.a; sourceTree = "<group>"; };
		521BBB6117CF533500920BE4 /* import */ = {isa = PBXFileReference; lastKnownFileType = folder; path = import; sourceTree = "<group>"; };
		522909DB17AA770900634082 /* tcejdb */ = {isa = PBXFileReference; lastKnownFileType = folder; name = tcejdb; path = ejdb/include/tcejdb; sourceTree = "<group>"; };
		5237E99917A520D70014A63A /* BSONDecoder.h */ = {isa = PBXFileReference; fileEncoding = 4; lastKnownFileType = sourcecode.c.h; path = BSONDecoder.h; sourceTree = "<group>"; };
		5237E99A17A520D70014A63A /* BSONDecoder.m */ = {isa = PBXFileReference; fileEncoding = 4; lastKnownFileType = sourcecode.c.objc; path = BSONDecoder.m; sourceTree = "<group>"; };
		5237E99B17A520D70014A63A /* BSONEncoder.h */ = {isa = PBXFileReference; fileEncoding = 4; lastKnownFileType = sourcecode.c.h; path = BSONEncoder.h; sourceTree = "<group>"; };
		5237E99C17A520D70014A63A /* BSONEncoder.m */ = {isa = PBXFileReference; fileEncoding = 4; lastKnownFileType = sourcecode.c.objc; path = BSONEncoder.m; sourceTree = "<group>"; };
		5237E99D17A520D70014A63A /* EJDBCollection.h */ = {isa = PBXFileReference; fileEncoding = 4; lastKnownFileType = sourcecode.c.h; path = EJDBCollection.h; sourceTree = "<group>"; };
		5237E99E17A520D70014A63A /* EJDBCollection.m */ = {isa = PBXFileReference; fileEncoding = 4; lastKnownFileType = sourcecode.c.objc; path = EJDBCollection.m; sourceTree = "<group>"; };
		5237E99F17A520D70014A63A /* EJDBDatabase.h */ = {isa = PBXFileReference; fileEncoding = 4; lastKnownFileType = sourcecode.c.h; path = EJDBDatabase.h; sourceTree = "<group>"; };
		5237E9A017A520D70014A63A /* EJDBDatabase.m */ = {isa = PBXFileReference; fileEncoding = 4; lastKnownFileType = sourcecode.c.objc; path = EJDBDatabase.m; sourceTree = "<group>"; };
		5237E9A117A520D70014A63A /* EJDBKit.h */ = {isa = PBXFileReference; fileEncoding = 4; lastKnownFileType = sourcecode.c.h; path = EJDBKit.h; sourceTree = "<group>"; };
		5237E9A217A520D70014A63A /* EJDBQuery.h */ = {isa = PBXFileReference; fileEncoding = 4; lastKnownFileType = sourcecode.c.h; path = EJDBQuery.h; sourceTree = "<group>"; };
		5237E9A317A520D70014A63A /* EJDBQuery.m */ = {isa = PBXFileReference; fileEncoding = 4; lastKnownFileType = sourcecode.c.objc; path = EJDBQuery.m; sourceTree = "<group>"; };
		5237E9FF17A533130014A63A /* BSONArchiving.h */ = {isa = PBXFileReference; fileEncoding = 4; lastKnownFileType = sourcecode.c.h; path = BSONArchiving.h; sourceTree = "<group>"; };
		52527A7917ACF0AC00BE2B2C /* EJDBTestFixtures.h */ = {isa = PBXFileReference; fileEncoding = 4; lastKnownFileType = sourcecode.c.h; path = EJDBTestFixtures.h; sourceTree = "<group>"; };
		52527A7A17ACF0AC00BE2B2C /* EJDBTestFixtures.m */ = {isa = PBXFileReference; fileEncoding = 4; lastKnownFileType = sourcecode.c.objc; path = EJDBTestFixtures.m; sourceTree = "<group>"; };
		52610AB018A017BE00497982 /* EJDBModelFixtures.h */ = {isa = PBXFileReference; fileEncoding = 4; lastKnownFileType = sourcecode.c.h; path = EJDBModelFixtures.h; sourceTree = "<group>"; };
		52610AB118A017BE00497982 /* EJDBModelFixtures.m */ = {isa = PBXFileReference; fileEncoding = 4; lastKnownFileType = sourcecode.c.objc; path = EJDBModelFixtures.m; sourceTree = "<group>"; };
		5267ADCD17A64B0C00F22C6E /* EJDBCollectionTests.h */ = {isa = PBXFileReference; fileEncoding = 4; lastKnownFileType = sourcecode.c.h; path = EJDBCollectionTests.h; sourceTree = "<group>"; };
		5267ADCE17A64B0C00F22C6E /* EJDBCollectionTests.m */ = {isa = PBXFileReference; fileEncoding = 4; lastKnownFileType = sourcecode.c.objc; path = EJDBCollectionTests.m; sourceTree = "<group>"; };
		527BC0471881F6CC009115F8 /* EJDBQueryBuilderDelegate.h */ = {isa = PBXFileReference; fileEncoding = 4; lastKnownFileType = sourcecode.c.h; path = EJDBQueryBuilderDelegate.h; sourceTree = "<group>"; };
		528F17BB17C738C8006BE069 /* EJDBFIQueryBuilder.h */ = {isa = PBXFileReference; fileEncoding = 4; lastKnownFileType = sourcecode.c.h; path = EJDBFIQueryBuilder.h; sourceTree = "<group>"; };
		528F17BC17C738C8006BE069 /* EJDBFIQueryBuilder.m */ = {isa = PBXFileReference; fileEncoding = 4; lastKnownFileType = sourcecode.c.objc; path = EJDBFIQueryBuilder.m; sourceTree = "<group>"; };
		528F17BF17C73AB0006BE069 /* EJDBFIQueryBuilderTests.h */ = {isa = PBXFileReference; fileEncoding = 4; lastKnownFileType = sourcecode.c.h; path = EJDBFIQueryBuilderTests.h; sourceTree = "<group>"; };
		528F17C017C73AB0006BE069 /* EJDBFIQueryBuilderTests.m */ = {isa = PBXFileReference; fileEncoding = 4; lastKnownFileType = sourcecode.c.objc; path = EJDBFIQueryBuilderTests.m; sourceTree = "<group>"; };
		528F17C217C78FF5006BE069 /* EJDBQueryOrderByHint.h */ = {isa = PBXFileReference; fileEncoding = 4; lastKnownFileType = sourcecode.c.h; path = EJDBQueryOrderByHint.h; sourceTree = "<group>"; };
		528F17C317C78FF5006BE069 /* EJDBQueryOrderByHint.m */ = {isa = PBXFileReference; fileEncoding = 4; lastKnownFileType = sourcecode.c.objc; path = EJDBQueryOrderByHint.m; sourceTree = "<group>"; };
		528F17C617C794C1006BE069 /* EJDBQueryBuilder.h */ = {isa = PBXFileReference; fileEncoding = 4; lastKnownFileType = sourcecode.c.h; path = EJDBQueryBuilder.h; sourceTree = "<group>"; };
		528F17C717C794C1006BE069 /* EJDBQueryBuilder.m */ = {isa = PBXFileReference; fileEncoding = 4; lastKnownFileType = sourcecode.c.objc; path = EJDBQueryBuilder.m; sourceTree = "<group>"; };
		528F17C917C7A48D006BE069 /* EJDBQueryBuilderTests.h */ = {isa = PBXFileReference; fileEncoding = 4; lastKnownFileType = sourcecode.c.h; path = EJDBQueryBuilderTests.h; sourceTree = "<group>"; };
		528F17CA17C7A48D006BE069 /* EJDBQueryBuilderTests.m */ = {isa = PBXFileReference; fileEncoding = 4; lastKnownFileType = sourcecode.c.objc; path = EJDBQueryBuilderTests.m; sourceTree = "<group>"; };
		5294231117A274C4007FFD63 /* EJDBDatabaseTests.h */ = {isa = PBXFileReference; fileEncoding = 4; lastKnownFileType = sourcecode.c.h; path = EJDBDatabaseTests.h; sourceTree = "<group>"; };
		5294231217A274C4007FFD63 /* EJDBDatabaseTests.m */ = {isa = PBXFileReference; fileEncoding = 4; lastKnownFileType = sourcecode.c.objc; path = EJDBDatabaseTests.m; sourceTree = "<group>"; };
		52A2365618A4FD4D0021D6A5 /* EJDBQueryFixtures.h */ = {isa = PBXFileReference; fileEncoding = 4; lastKnownFileType = sourcecode.c.h; path = EJDBQueryFixtures.h; sourceTree = "<group>"; };
		52A2365718A4FD4D0021D6A5 /* EJDBQueryFixtures.m */ = {isa = PBXFileReference; fileEncoding = 4; lastKnownFileType = sourcecode.c.objc; path = EJDBQueryFixtures.m; sourceTree = "<group>"; };
		52B1397B189190C200E7F85D /* EJDBModel.h */ = {isa = PBXFileReference; fileEncoding = 4; lastKnownFileType = sourcecode.c.h; path = EJDBModel.h; sourceTree = "<group>"; };
		52B1397C189190C200E7F85D /* EJDBModel.m */ = {isa = PBXFileReference; fileEncoding = 4; lastKnownFileType = sourcecode.c.objc; path = EJDBModel.m; sourceTree = "<group>"; };
		52B1397E189190D500E7F85D /* EJDBModelTests.m */ = {isa = PBXFileReference; fileEncoding = 4; lastKnownFileType = sourcecode.c.objc; path = EJDBModelTests.m; sourceTree = "<group>"; };
		52D916B617A3AB7900B0060D /* BSONEncoderDecoderTests.h */ = {isa = PBXFileReference; fileEncoding = 4; lastKnownFileType = sourcecode.c.h; path = BSONEncoderDecoderTests.h; sourceTree = "<group>"; };
		52D916B717A3AB7900B0060D /* BSONEncoderDecoderTests.m */ = {isa = PBXFileReference; fileEncoding = 4; lastKnownFileType = sourcecode.c.objc; path = BSONEncoderDecoderTests.m; sourceTree = "<group>"; };
		52D916B917A3FDBB00B0060D /* EJDBDatabase+DBTestExtensions.h */ = {isa = PBXFileReference; fileEncoding = 4; lastKnownFileType = sourcecode.c.h; path = "EJDBDatabase+DBTestExtensions.h"; sourceTree = "<group>"; };
		52D916BA17A3FDBB00B0060D /* EJDBDatabase+DBTestExtensions.m */ = {isa = PBXFileReference; fileEncoding = 4; lastKnownFileType = sourcecode.c.objc; path = "EJDBDatabase+DBTestExtensions.m"; sourceTree = "<group>"; };
		52D916BC17A414DE00B0060D /* ejdblogo3.png */ = {isa = PBXFileReference; lastKnownFileType = image.png; path = ejdblogo3.png; sourceTree = "<group>"; };
		52E68E0E17B0DAEE00047614 /* EJDBQueryTests.h */ = {isa = PBXFileReference; fileEncoding = 4; lastKnownFileType = sourcecode.c.h; path = EJDBQueryTests.h; sourceTree = "<group>"; };
		52E68E0F17B0DAEE00047614 /* EJDBQueryTests.m */ = {isa = PBXFileReference; fileEncoding = 4; lastKnownFileType = sourcecode.c.objc; path = EJDBQueryTests.m; sourceTree = "<group>"; };
		52EC76D0179F31B000EEC86D /* libEJDBKit.a */ = {isa = PBXFileReference; explicitFileType = archive.ar; includeInIndex = 0; path = libEJDBKit.a; sourceTree = BUILT_PRODUCTS_DIR; };
		52EC76D3179F31B000EEC86D /* Foundation.framework */ = {isa = PBXFileReference; lastKnownFileType = wrapper.framework; name = Foundation.framework; path = System/Library/Frameworks/Foundation.framework; sourceTree = SDKROOT; };
		52EC76D7179F31B000EEC86D /* EJDBKit-Prefix.pch */ = {isa = PBXFileReference; lastKnownFileType = sourcecode.c.h; path = "EJDBKit-Prefix.pch"; sourceTree = "<group>"; };
		52EC76E1179F31B000EEC86D /* EJDBKitTests.xctest */ = {isa = PBXFileReference; explicitFileType = wrapper.cfbundle; includeInIndex = 0; path = EJDBKitTests.xctest; sourceTree = BUILT_PRODUCTS_DIR; };
		52EC76E4179F31B000EEC86D /* UIKit.framework */ = {isa = PBXFileReference; lastKnownFileType = wrapper.framework; name = UIKit.framework; path = Library/Frameworks/UIKit.framework; sourceTree = DEVELOPER_DIR; };
		52EC76EC179F31B000EEC86D /* EJDBKitTests-Info.plist */ = {isa = PBXFileReference; lastKnownFileType = text.plist.xml; path = "EJDBKitTests-Info.plist"; sourceTree = "<group>"; };
		52EC76EE179F31B000EEC86D /* en */ = {isa = PBXFileReference; lastKnownFileType = text.plist.strings; name = en; path = en.lproj/InfoPlist.strings; sourceTree = "<group>"; };
/* End PBXFileReference section */

/* Begin PBXFrameworksBuildPhase section */
		52EC76CD179F31B000EEC86D /* Frameworks */ = {
			isa = PBXFrameworksBuildPhase;
			buildActionMask = 2147483647;
			files = (
				522531B018A8D34D00D9A37A /* libz.dylib in Frameworks */,
				52EC76D4179F31B000EEC86D /* Foundation.framework in Frameworks */,
				5213E2E217A4635C00E47033 /* libtcejdb.a in Frameworks */,
			);
			runOnlyForDeploymentPostprocessing = 0;
		};
		52EC76DD179F31B000EEC86D /* Frameworks */ = {
			isa = PBXFrameworksBuildPhase;
			buildActionMask = 2147483647;
			files = (
				5213BBFE179F4DBA00E34A62 /* libz.dylib in Frameworks */,
				52EC76E5179F31B000EEC86D /* UIKit.framework in Frameworks */,
				52EC76E6179F31B000EEC86D /* Foundation.framework in Frameworks */,
				52EC76E9179F31B000EEC86D /* libEJDBKit.a in Frameworks */,
			);
			runOnlyForDeploymentPostprocessing = 0;
		};
/* End PBXFrameworksBuildPhase section */

/* Begin PBXGroup section */
		5237E99817A520D70014A63A /* Source */ = {
			isa = PBXGroup;
			children = (
				5237E9A117A520D70014A63A /* EJDBKit.h */,
				5237E99F17A520D70014A63A /* EJDBDatabase.h */,
				5237E9A017A520D70014A63A /* EJDBDatabase.m */,
				5237E99D17A520D70014A63A /* EJDBCollection.h */,
				5237E99E17A520D70014A63A /* EJDBCollection.m */,
				5237E9A217A520D70014A63A /* EJDBQuery.h */,
				5237E9A317A520D70014A63A /* EJDBQuery.m */,
				528F17C217C78FF5006BE069 /* EJDBQueryOrderByHint.h */,
				528F17C317C78FF5006BE069 /* EJDBQueryOrderByHint.m */,
				527BC0471881F6CC009115F8 /* EJDBQueryBuilderDelegate.h */,
				528F17C617C794C1006BE069 /* EJDBQueryBuilder.h */,
				528F17C717C794C1006BE069 /* EJDBQueryBuilder.m */,
				528F17BB17C738C8006BE069 /* EJDBFIQueryBuilder.h */,
				528F17BC17C738C8006BE069 /* EJDBFIQueryBuilder.m */,
				52B1397B189190C200E7F85D /* EJDBModel.h */,
				52B1397C189190C200E7F85D /* EJDBModel.m */,
				5237E9FF17A533130014A63A /* BSONArchiving.h */,
				5237E99917A520D70014A63A /* BSONDecoder.h */,
				5237E99A17A520D70014A63A /* BSONDecoder.m */,
				5237E99B17A520D70014A63A /* BSONEncoder.h */,
				5237E99C17A520D70014A63A /* BSONEncoder.m */,
			);
			path = Source;
			sourceTree = "<group>";
		};
		52EC76C7179F31B000EEC86D = {
			isa = PBXGroup;
			children = (
				522909DB17AA770900634082 /* tcejdb */,
				52EC76D5179F31B000EEC86D /* EJDBKit */,
				52EC76EA179F31B000EEC86D /* EJDBKitTests */,
				52EC76D2179F31B000EEC86D /* Frameworks */,
				52EC76D1179F31B000EEC86D /* Products */,
			);
			sourceTree = "<group>";
		};
		52EC76D1179F31B000EEC86D /* Products */ = {
			isa = PBXGroup;
			children = (
				52EC76D0179F31B000EEC86D /* libEJDBKit.a */,
				52EC76E1179F31B000EEC86D /* EJDBKitTests.xctest */,
			);
			name = Products;
			sourceTree = "<group>";
		};
		52EC76D2179F31B000EEC86D /* Frameworks */ = {
			isa = PBXGroup;
			children = (
				5213E2E117A4635C00E47033 /* libtcejdb.a */,
				5213BBFD179F4DBA00E34A62 /* libz.dylib */,
				52EC76D3179F31B000EEC86D /* Foundation.framework */,
				52EC76E4179F31B000EEC86D /* UIKit.framework */,
			);
			name = Frameworks;
			sourceTree = "<group>";
		};
		52EC76D5179F31B000EEC86D /* EJDBKit */ = {
			isa = PBXGroup;
			children = (
				5237E99817A520D70014A63A /* Source */,
				52EC76D6179F31B000EEC86D /* Supporting Files */,
			);
			path = EJDBKit;
			sourceTree = "<group>";
		};
		52EC76D6179F31B000EEC86D /* Supporting Files */ = {
			isa = PBXGroup;
			children = (
				52EC76D7179F31B000EEC86D /* EJDBKit-Prefix.pch */,
			);
			name = "Supporting Files";
			sourceTree = "<group>";
		};
		52EC76EA179F31B000EEC86D /* EJDBKitTests */ = {
			isa = PBXGroup;
			children = (
				521BBB6117CF533500920BE4 /* import */,
				52D916BC17A414DE00B0060D /* ejdblogo3.png */,
				52D916B917A3FDBB00B0060D /* EJDBDatabase+DBTestExtensions.h */,
				52D916BA17A3FDBB00B0060D /* EJDBDatabase+DBTestExtensions.m */,
				52527A7917ACF0AC00BE2B2C /* EJDBTestFixtures.h */,
				52527A7A17ACF0AC00BE2B2C /* EJDBTestFixtures.m */,
				52A2365618A4FD4D0021D6A5 /* EJDBQueryFixtures.h */,
				52A2365718A4FD4D0021D6A5 /* EJDBQueryFixtures.m */,
				5294231117A274C4007FFD63 /* EJDBDatabaseTests.h */,
				5294231217A274C4007FFD63 /* EJDBDatabaseTests.m */,
				5267ADCD17A64B0C00F22C6E /* EJDBCollectionTests.h */,
				5267ADCE17A64B0C00F22C6E /* EJDBCollectionTests.m */,
				52E68E0E17B0DAEE00047614 /* EJDBQueryTests.h */,
				52E68E0F17B0DAEE00047614 /* EJDBQueryTests.m */,
				528F17C917C7A48D006BE069 /* EJDBQueryBuilderTests.h */,
				528F17CA17C7A48D006BE069 /* EJDBQueryBuilderTests.m */,
				528F17BF17C73AB0006BE069 /* EJDBFIQueryBuilderTests.h */,
				528F17C017C73AB0006BE069 /* EJDBFIQueryBuilderTests.m */,
				52B1397E189190D500E7F85D /* EJDBModelTests.m */,
				52610AB018A017BE00497982 /* EJDBModelFixtures.h */,
				52610AB118A017BE00497982 /* EJDBModelFixtures.m */,
				52D916B617A3AB7900B0060D /* BSONEncoderDecoderTests.h */,
				52D916B717A3AB7900B0060D /* BSONEncoderDecoderTests.m */,
				52EC76EB179F31B000EEC86D /* Supporting Files */,
			);
			path = EJDBKitTests;
			sourceTree = "<group>";
		};
		52EC76EB179F31B000EEC86D /* Supporting Files */ = {
			isa = PBXGroup;
			children = (
				52EC76EC179F31B000EEC86D /* EJDBKitTests-Info.plist */,
				52EC76ED179F31B000EEC86D /* InfoPlist.strings */,
			);
			name = "Supporting Files";
			sourceTree = "<group>";
		};
/* End PBXGroup section */

/* Begin PBXNativeTarget section */
		52EC76CF179F31B000EEC86D /* EJDBKit */ = {
			isa = PBXNativeTarget;
			buildConfigurationList = 52EC76F5179F31B000EEC86D /* Build configuration list for PBXNativeTarget "EJDBKit" */;
			buildPhases = (
				52C93CD817EAE1E600C01F50 /* ShellScript */,
				52EC76CC179F31B000EEC86D /* Sources */,
				52EC76CD179F31B000EEC86D /* Frameworks */,
				52EC76CE179F31B000EEC86D /* CopyFiles */,
			);
			buildRules = (
			);
			dependencies = (
			);
			name = EJDBKit;
			productName = EJDBKit;
			productReference = 52EC76D0179F31B000EEC86D /* libEJDBKit.a */;
			productType = "com.apple.product-type.library.static";
		};
		52EC76E0179F31B000EEC86D /* EJDBKitTests */ = {
			isa = PBXNativeTarget;
			buildConfigurationList = 52EC76F8179F31B000EEC86D /* Build configuration list for PBXNativeTarget "EJDBKitTests" */;
			buildPhases = (
				52EC76DC179F31B000EEC86D /* Sources */,
				52EC76DD179F31B000EEC86D /* Frameworks */,
				52EC76DE179F31B000EEC86D /* Resources */,
				529ABD6E18A5532B0011EFA4 /* ShellScript */,
			);
			buildRules = (
			);
			dependencies = (
				52EC76E8179F31B000EEC86D /* PBXTargetDependency */,
			);
			name = EJDBKitTests;
			productName = EJDBKitTests;
			productReference = 52EC76E1179F31B000EEC86D /* EJDBKitTests.xctest */;
			productType = "com.apple.product-type.bundle.unit-test";
		};
/* End PBXNativeTarget section */

/* Begin PBXProject section */
		52EC76C8179F31B000EEC86D /* Project object */ = {
			isa = PBXProject;
			attributes = {
				LastUpgradeCheck = 0510;
				ORGANIZATIONNAME = john;
			};
			buildConfigurationList = 52EC76CB179F31B000EEC86D /* Build configuration list for PBXProject "EJDBKit" */;
			compatibilityVersion = "Xcode 3.2";
			developmentRegion = English;
			hasScannedForEncodings = 0;
			knownRegions = (
				en,
			);
			mainGroup = 52EC76C7179F31B000EEC86D;
			productRefGroup = 52EC76D1179F31B000EEC86D /* Products */;
			projectDirPath = "";
			projectRoot = "";
			targets = (
				52EC76CF179F31B000EEC86D /* EJDBKit */,
				52EC76E0179F31B000EEC86D /* EJDBKitTests */,
				526FE3C818A67F7300598289 /* UniversalLib */,
			);
		};
/* End PBXProject section */

/* Begin PBXResourcesBuildPhase section */
		52EC76DE179F31B000EEC86D /* Resources */ = {
			isa = PBXResourcesBuildPhase;
			buildActionMask = 2147483647;
			files = (
				52EC76EF179F31B000EEC86D /* InfoPlist.strings in Resources */,
				52D916BD17A414DE00B0060D /* ejdblogo3.png in Resources */,
				521BBB6217CF533500920BE4 /* import in Resources */,
			);
			runOnlyForDeploymentPostprocessing = 0;
		};
/* End PBXResourcesBuildPhase section */

/* Begin PBXShellScriptBuildPhase section */
		526FE3CC18A67FA000598289 /* ShellScript */ = {
			isa = PBXShellScriptBuildPhase;
			buildActionMask = 2147483647;
			files = (
			);
			inputPaths = (
			);
			outputPaths = (
			);
			runOnlyForDeploymentPostprocessing = 0;
			shellPath = /bin/sh;
			shellScript = "#shamelessy ripped off of ray wenderlich's awesome site: http://www.raywenderlich.com/41377/creating-a-static-library-in-ios-tutorial\n\n# define output folder environment variable\nUNIVERSAL_OUTPUTFOLDER=${BUILD_DIR}/${CONFIGURATION}-universal\n\n# Step 1. Build Device and Simulator versions\nxcodebuild -target EJDBKit ONLY_ACTIVE_ARCH=NO -configuration ${CONFIGURATION} -sdk iphoneos  BUILD_DIR=\"${BUILD_DIR}\" BUILD_ROOT=\"${BUILD_ROOT}\"\nxcodebuild -target EJDBKit -configuration ${CONFIGURATION} -sdk iphonesimulator -arch i386 BUILD_DIR=\"${BUILD_DIR}\" BUILD_ROOT=\"${BUILD_ROOT}\"\n\n# make sure the output directory exists\nmkdir -p \"${UNIVERSAL_OUTPUTFOLDER}\"\n\n# Step 2. Create universal binary file using lipo\nlipo -create -output \"${UNIVERSAL_OUTPUTFOLDER}/lib${PROJECT_NAME}.a\" \"${BUILD_DIR}/${CONFIGURATION}-iphoneos/lib${PROJECT_NAME}.a\" \"${BUILD_DIR}/${CONFIGURATION}-iphonesimulator/lib${PROJECT_NAME}.a\"\n\n# Last touch. copy the header files. Just for convenience\ncp -R \"${BUILD_DIR}/${CONFIGURATION}-iphoneos/include\" \"${UNIVERSAL_OUTPUTFOLDER}/\"";
		};
		529ABD6E18A5532B0011EFA4 /* ShellScript */ = {
			isa = PBXShellScriptBuildPhase;
			buildActionMask = 2147483647;
			files = (
			);
			inputPaths = (
			);
			outputPaths = (
			);
			runOnlyForDeploymentPostprocessing = 0;
			shellPath = /bin/sh;
			shellScript = "# Incredibly ugly,quick,dirty but useful script to help generate coverage docs with one command line call.\n# You'll need lcov for this to work though (you can install it with brew).\n\n[ -d ${SRCROOT}/coverage ] || mkdir ${SRCROOT}/coverage\nBUILDER_SCRIPT=${SRCROOT}/coverage/build_appcoverage.sh\nCOVOBJ_DIR=${OBJECT_FILE_DIR_normal}/${CURRENT_ARCH}\n\n[ -f ${BUILDER_SCRIPT} ] && rm ${BUILDER_SCRIPT}\necho \"#!/bin/sh\" >> ${BUILDER_SCRIPT}\necho \"lcov --capture --directory ${COVOBJ_DIR}  \\\\\" >> ${BUILDER_SCRIPT}\necho \"--output-file coverage.info \" >> ${BUILDER_SCRIPT}\necho \"lcov -r coverage.info vendor/* /usr/include/\\* System/* --output-file coverage.info\" >> ${BUILDER_SCRIPT}\necho \"genhtml coverage.info --output-directory ${SRCROOT}/coverage/Coverage\" >> ${BUILDER_SCRIPT}\nchmod +x ${BUILDER_SCRIPT}";
		};
		52C93CD817EAE1E600C01F50 /* ShellScript */ = {
			isa = PBXShellScriptBuildPhase;
			buildActionMask = 2147483647;
			files = (
			);
			inputPaths = (
			);
			outputPaths = (
			);
			runOnlyForDeploymentPostprocessing = 0;
			shellPath = /bin/sh;
			shellScript = "##################################################################################\n# This script makes a fat binary based on the current architecture in an effort\n# to minimize the size of the lipo'd archive file.\n# NOTE: You must launch ejdb-build.sh once before running this or else it will FAIL!!!!\n# To make things as simple as possible just run the script with no arguments\n# and all architectures will be built.\n##################################################################################\n\nEJDB_DIR=`pwd`/ejdb\n\nif [ $CURRENT_ARCH = \"i386\" -o $CURRENT_ARCH = \"x86_64\" ]\nthen\n#lipo for simulator\nxcrun -sdk iphoneos lipo -arch i386 ${EJDB_DIR}/build/i386/lib/libtcejdb.a -arch x86_64 ${EJDB_DIR}/build/x86_64/lib/libtcejdb.a -create -output ${EJDB_DIR}/lib/libtcejdb.a\nelse\n#lipo for device\nxcrun -sdk iphoneos lipo -arch armv7 ${EJDB_DIR}/build/armv7/lib/libtcejdb.a -arch armv7s ${EJDB_DIR}/build/armv7s/lib/libtcejdb.a -arch arm64 ${EJDB_DIR}/build/arm64/lib/libtcejdb.a -create -output ${EJDB_DIR}/lib/libtcejdb.a\nfi\n";
		};
/* End PBXShellScriptBuildPhase section */

/* Begin PBXSourcesBuildPhase section */
		52EC76CC179F31B000EEC86D /* Sources */ = {
			isa = PBXSourcesBuildPhase;
			buildActionMask = 2147483647;
			files = (
				5237E9A417A520D70014A63A /* BSONDecoder.m in Sources */,
				5237E9A617A520D70014A63A /* BSONEncoder.m in Sources */,
				5237E9A817A520D70014A63A /* EJDBCollection.m in Sources */,
				5237E9AA17A520D70014A63A /* EJDBDatabase.m in Sources */,
				5237E9AC17A520D70014A63A /* EJDBQuery.m in Sources */,
				528F17BD17C738C8006BE069 /* EJDBFIQueryBuilder.m in Sources */,
				52B1397D189190C200E7F85D /* EJDBModel.m in Sources */,
				528F17C417C78FF5006BE069 /* EJDBQueryOrderByHint.m in Sources */,
				528F17C817C794C1006BE069 /* EJDBQueryBuilder.m in Sources */,
			);
			runOnlyForDeploymentPostprocessing = 0;
		};
		52EC76DC179F31B000EEC86D /* Sources */ = {
			isa = PBXSourcesBuildPhase;
			buildActionMask = 2147483647;
			files = (
				5294231317A274C4007FFD63 /* EJDBDatabaseTests.m in Sources */,
				52A2365818A4FD4D0021D6A5 /* EJDBQueryFixtures.m in Sources */,
				52D916B817A3AB7900B0060D /* BSONEncoderDecoderTests.m in Sources */,
				52610AB218A017BE00497982 /* EJDBModelFixtures.m in Sources */,
				52D916BB17A3FDBB00B0060D /* EJDBDatabase+DBTestExtensions.m in Sources */,
				5267ADCF17A64B0C00F22C6E /* EJDBCollectionTests.m in Sources */,
				52527A7B17ACF0AC00BE2B2C /* EJDBTestFixtures.m in Sources */,
				52B1397F189190D500E7F85D /* EJDBModelTests.m in Sources */,
				52E68E1017B0DAEE00047614 /* EJDBQueryTests.m in Sources */,
				528F17C117C73AB0006BE069 /* EJDBFIQueryBuilderTests.m in Sources */,
				528F17CB17C7A48D006BE069 /* EJDBQueryBuilderTests.m in Sources */,
			);
			runOnlyForDeploymentPostprocessing = 0;
		};
/* End PBXSourcesBuildPhase section */

/* Begin PBXTargetDependency section */
		52EC76E8179F31B000EEC86D /* PBXTargetDependency */ = {
			isa = PBXTargetDependency;
			target = 52EC76CF179F31B000EEC86D /* EJDBKit */;
			targetProxy = 52EC76E7179F31B000EEC86D /* PBXContainerItemProxy */;
		};
/* End PBXTargetDependency section */

/* Begin PBXVariantGroup section */
		52EC76ED179F31B000EEC86D /* InfoPlist.strings */ = {
			isa = PBXVariantGroup;
			children = (
				52EC76EE179F31B000EEC86D /* en */,
			);
			name = InfoPlist.strings;
			sourceTree = "<group>";
		};
/* End PBXVariantGroup section */

/* Begin XCBuildConfiguration section */
		526FE3C918A67F7300598289 /* Debug */ = {
			isa = XCBuildConfiguration;
			buildSettings = {
				ARCHS = "$(ARCHS_STANDARD_INCLUDING_64_BIT)";
				PRODUCT_NAME = "$(TARGET_NAME)";
			};
			name = Debug;
		};
		526FE3CA18A67F7300598289 /* Release */ = {
			isa = XCBuildConfiguration;
			buildSettings = {
				ARCHS = "$(ARCHS_STANDARD_INCLUDING_64_BIT)";
				PRODUCT_NAME = "$(TARGET_NAME)";
			};
			name = Release;
		};
		52EC76F3179F31B000EEC86D /* Debug */ = {
			isa = XCBuildConfiguration;
			buildSettings = {
				ALWAYS_SEARCH_USER_PATHS = NO;
				CLANG_CXX_LANGUAGE_STANDARD = "gnu++0x";
				CLANG_CXX_LIBRARY = "libc++";
				CLANG_ENABLE_OBJC_ARC = YES;
				CLANG_WARN_CONSTANT_CONVERSION = YES;
				CLANG_WARN_EMPTY_BODY = YES;
				CLANG_WARN_ENUM_CONVERSION = YES;
				CLANG_WARN_INT_CONVERSION = YES;
				CLANG_WARN__DUPLICATE_METHOD_MATCH = YES;
				COPY_PHASE_STRIP = NO;
				GCC_C_LANGUAGE_STANDARD = gnu99;
				GCC_DYNAMIC_NO_PIC = NO;
				GCC_OPTIMIZATION_LEVEL = 0;
				GCC_PREPROCESSOR_DEFINITIONS = (
					"DEBUG=1",
					"$(inherited)",
				);
				GCC_SYMBOLS_PRIVATE_EXTERN = NO;
				GCC_WARN_ABOUT_RETURN_TYPE = YES;
				GCC_WARN_UNINITIALIZED_AUTOS = YES;
				GCC_WARN_UNUSED_VARIABLE = YES;
				IPHONEOS_DEPLOYMENT_TARGET = 6.1;
				ONLY_ACTIVE_ARCH = YES;
				SDKROOT = iphoneos;
				TARGETED_DEVICE_FAMILY = "1,2";
			};
			name = Debug;
		};
		52EC76F4179F31B000EEC86D /* Release */ = {
			isa = XCBuildConfiguration;
			buildSettings = {
				ALWAYS_SEARCH_USER_PATHS = NO;
				CLANG_CXX_LANGUAGE_STANDARD = "gnu++0x";
				CLANG_CXX_LIBRARY = "libc++";
				CLANG_ENABLE_OBJC_ARC = YES;
				CLANG_WARN_CONSTANT_CONVERSION = YES;
				CLANG_WARN_EMPTY_BODY = YES;
				CLANG_WARN_ENUM_CONVERSION = YES;
				CLANG_WARN_INT_CONVERSION = YES;
				CLANG_WARN__DUPLICATE_METHOD_MATCH = YES;
				COPY_PHASE_STRIP = YES;
				GCC_C_LANGUAGE_STANDARD = gnu99;
				GCC_WARN_ABOUT_RETURN_TYPE = YES;
				GCC_WARN_UNINITIALIZED_AUTOS = YES;
				GCC_WARN_UNUSED_VARIABLE = YES;
				IPHONEOS_DEPLOYMENT_TARGET = 6.1;
				SDKROOT = iphoneos;
				TARGETED_DEVICE_FAMILY = "1,2";
				VALIDATE_PRODUCT = YES;
			};
			name = Release;
		};
		52EC76F6179F31B000EEC86D /* Debug */ = {
			isa = XCBuildConfiguration;
			buildSettings = {
				ALWAYS_SEARCH_USER_PATHS = YES;
				ARCHS = "$(ARCHS_STANDARD_INCLUDING_64_BIT)";
				DSTROOT = /tmp/EJDBKit.dst;
				GCC_PRECOMPILE_PREFIX_HEADER = YES;
				GCC_PREFIX_HEADER = "EJDBKit/EJDBKit-Prefix.pch";
				HEADER_SEARCH_PATHS = "";
				IPHONEOS_DEPLOYMENT_TARGET = 6.1;
				LIBRARY_SEARCH_PATHS = (
					"$(inherited)",
					"\"$(SRCROOT)/ejdb/lib\"",
					"\"$(SRCROOT)\"",
				);
				OTHER_LDFLAGS = "-ObjC";
				PRODUCT_NAME = "$(TARGET_NAME)";
				PUBLIC_HEADERS_FOLDER_PATH = "include/$(TARGET_NAME)";
				SKIP_INSTALL = YES;
				TARGETED_DEVICE_FAMILY = "1,2";
				USER_HEADER_SEARCH_PATHS = "\"$(SRCROOT)/ejdb/include\"/**";
				WARNING_CFLAGS = (
					"-Wall",
					"-Wextra",
				);
			};
			name = Debug;
		};
		52EC76F7179F31B000EEC86D /* Release */ = {
			isa = XCBuildConfiguration;
			buildSettings = {
				ALWAYS_SEARCH_USER_PATHS = YES;
				ARCHS = "$(ARCHS_STANDARD_INCLUDING_64_BIT)";
				DSTROOT = /tmp/EJDBKit.dst;
				GCC_PRECOMPILE_PREFIX_HEADER = YES;
				GCC_PREFIX_HEADER = "EJDBKit/EJDBKit-Prefix.pch";
				HEADER_SEARCH_PATHS = "";
				IPHONEOS_DEPLOYMENT_TARGET = 6.1;
				LIBRARY_SEARCH_PATHS = (
					"$(inherited)",
					"\"$(SRCROOT)/ejdb/lib\"",
					"\"$(SRCROOT)\"",
				);
				OTHER_LDFLAGS = "-ObjC";
				PRODUCT_NAME = "$(TARGET_NAME)";
				PUBLIC_HEADERS_FOLDER_PATH = "include/$(TARGET_NAME)";
				SKIP_INSTALL = YES;
				TARGETED_DEVICE_FAMILY = "1,2";
				USER_HEADER_SEARCH_PATHS = "\"$(SRCROOT)/ejdb/include\"/**";
				WARNING_CFLAGS = (
					"-Wall",
					"-Wextra",
				);
			};
			name = Release;
		};
		52EC76F9179F31B000EEC86D /* Debug */ = {
			isa = XCBuildConfiguration;
			buildSettings = {
				ALWAYS_SEARCH_USER_PATHS = NO;
				ARCHS = "$(ARCHS_STANDARD_INCLUDING_64_BIT)";
				FRAMEWORK_SEARCH_PATHS = "$(SDKROOT)/Developer/Library/Frameworks";
				GCC_GENERATE_TEST_COVERAGE_FILES = YES;
				GCC_INSTRUMENT_PROGRAM_FLOW_ARCS = YES;
				GCC_PRECOMPILE_PREFIX_HEADER = YES;
				GCC_PREFIX_HEADER = "EJDBKit/EJDBKit-Prefix.pch";
				GENERATE_PROFILING_CODE = YES;
				HEADER_SEARCH_PATHS = "\"$(SRCROOT)/ejdb/include\"/**";
				INFOPLIST_FILE = "EJDBKitTests/EJDBKitTests-Info.plist";
				LIBRARY_SEARCH_PATHS = (
					"$(inherited)",
					"\"$(SRCROOT)/ejdb/lib\"",
				);
				PRODUCT_NAME = "$(TARGET_NAME)";
				USER_HEADER_SEARCH_PATHS = "";
			};
			name = Debug;
		};
		52EC76FA179F31B000EEC86D /* Release */ = {
			isa = XCBuildConfiguration;
			buildSettings = {
				ALWAYS_SEARCH_USER_PATHS = NO;
				ARCHS = "$(ARCHS_STANDARD_INCLUDING_64_BIT)";
				FRAMEWORK_SEARCH_PATHS = "$(SDKROOT)/Developer/Library/Frameworks";
				GCC_GENERATE_TEST_COVERAGE_FILES = YES;
				GCC_INSTRUMENT_PROGRAM_FLOW_ARCS = YES;
				GCC_PRECOMPILE_PREFIX_HEADER = YES;
				GCC_PREFIX_HEADER = "EJDBKit/EJDBKit-Prefix.pch";
				GENERATE_PROFILING_CODE = YES;
				HEADER_SEARCH_PATHS = "\"$(SRCROOT)/ejdb/include\"/**";
				INFOPLIST_FILE = "EJDBKitTests/EJDBKitTests-Info.plist";
				LIBRARY_SEARCH_PATHS = (
					"$(inherited)",
					"\"$(SRCROOT)/ejdb/lib\"",
				);
				PRODUCT_NAME = "$(TARGET_NAME)";
				USER_HEADER_SEARCH_PATHS = "";
			};
			name = Release;
		};
/* End XCBuildConfiguration section */

/* Begin XCConfigurationList section */
		526FE3CB18A67F7300598289 /* Build configuration list for PBXAggregateTarget "UniversalLib" */ = {
			isa = XCConfigurationList;
			buildConfigurations = (
				526FE3C918A67F7300598289 /* Debug */,
				526FE3CA18A67F7300598289 /* Release */,
			);
			defaultConfigurationIsVisible = 0;
			defaultConfigurationName = Release;
		};
		52EC76CB179F31B000EEC86D /* Build configuration list for PBXProject "EJDBKit" */ = {
			isa = XCConfigurationList;
			buildConfigurations = (
				52EC76F3179F31B000EEC86D /* Debug */,
				52EC76F4179F31B000EEC86D /* Release */,
			);
			defaultConfigurationIsVisible = 0;
			defaultConfigurationName = Release;
		};
		52EC76F5179F31B000EEC86D /* Build configuration list for PBXNativeTarget "EJDBKit" */ = {
			isa = XCConfigurationList;
			buildConfigurations = (
				52EC76F6179F31B000EEC86D /* Debug */,
				52EC76F7179F31B000EEC86D /* Release */,
			);
			defaultConfigurationIsVisible = 0;
			defaultConfigurationName = Release;
		};
		52EC76F8179F31B000EEC86D /* Build configuration list for PBXNativeTarget "EJDBKitTests" */ = {
			isa = XCConfigurationList;
			buildConfigurations = (
				52EC76F9179F31B000EEC86D /* Debug */,
				52EC76FA179F31B000EEC86D /* Release */,
			);
			defaultConfigurationIsVisible = 0;
			defaultConfigurationName = Release;
		};
/* End XCConfigurationList section */
	};
	rootObject = 52EC76C8179F31B000EEC86D /* Project object */;
}
